
Microsoft Visual Studio Solution File, Format Version 12.00
# Visual Studio Version 17
VisualStudioVersion = 17.2.32505.173
MinimumVisualStudioVersion = 10.0.40219.1
Project("{9A19103F-16F7-4668-BE54-9A1E7A4F7556}") = "AddressBookADONET", "AddressBookADONET\AddressBookADONET.csproj", "{004AB805-314E-4C3C-84C1-C4FBFFCD1C76}"
EndProject
Project("{FAE04EC0-301F-11D3-BF4B-00C04F79EFBC}") = "UnitTest", "UnitTest\UnitTest.csproj", "{98C5DF1D-864E-49F8-8387-E23601936942}"
EndProject
Global
	GlobalSection(SolutionConfigurationPlatforms) = preSolution
		Debug|Any CPU = Debug|Any CPU
		Release|Any CPU = Release|Any CPU
	EndGlobalSection
	GlobalSection(ProjectConfigurationPlatforms) = postSolution
		{004AB805-314E-4C3C-84C1-C4FBFFCD1C76}.Debug|Any CPU.ActiveCfg = Debug|Any CPU
		{004AB805-314E-4C3C-84C1-C4FBFFCD1C76}.Debug|Any CPU.Build.0 = Debug|Any CPU
		{004AB805-314E-4C3C-84C1-C4FBFFCD1C76}.Release|Any CPU.ActiveCfg = Release|Any CPU
		{004AB805-314E-4C3C-84C1-C4FBFFCD1C76}.Release|Any CPU.Build.0 = Release|Any CPU
		{98C5DF1D-864E-49F8-8387-E23601936942}.Debug|Any CPU.ActiveCfg = Debug|Any CPU
		{98C5DF1D-864E-49F8-8387-E23601936942}.Debug|Any CPU.Build.0 = Debug|Any CPU
		{98C5DF1D-864E-49F8-8387-E23601936942}.Release|Any CPU.ActiveCfg = Release|Any CPU
		{98C5DF1D-864E-49F8-8387-E23601936942}.Release|Any CPU.Build.0 = Release|Any CPU
	EndGlobalSection
	GlobalSection(SolutionProperties) = preSolution
		HideSolutionNode = FALSE
	EndGlobalSection
	GlobalSection(ExtensibilityGlobals) = postSolution
		SolutionGuid = {3B9F770A-2299-4586-8046-A8729E024759}
	EndGlobalSection
EndGlobal
